
Microsoft Visual Studio Solution File, Format Version 12.00
# Visual Studio Version 16
VisualStudioVersion = 16.0.32602.291
MinimumVisualStudioVersion = 10.0.40219.1
Project("{FAE04EC0-301F-11D3-BF4B-00C04F79EFBC}") = "FreeBook", "FreeBook.csproj", "{4AB3E004-6D0A-444C-AD64-445F5306BE3A}"
EndProject
Global
	GlobalSection(SolutionConfigurationPlatforms) = preSolution
		Debug|Any CPU = Debug|Any CPU
		Release|Any CPU = Release|Any CPU
	EndGlobalSection
	GlobalSection(ProjectConfigurationPlatforms) = postSolution
		{4AB3E004-6D0A-444C-AD64-445F5306BE3A}.Debug|Any CPU.ActiveCfg = Debug|Any CPU
		{4AB3E004-6D0A-444C-AD64-445F5306BE3A}.Debug|Any CPU.Build.0 = Debug|Any CPU
		{4AB3E004-6D0A-444C-AD64-445F5306BE3A}.Release|Any CPU.ActiveCfg = Release|Any CPU
		{4AB3E004-6D0A-444C-AD64-445F5306BE3A}.Release|Any CPU.Build.0 = Release|Any CPU
	EndGlobalSection
	GlobalSection(SolutionProperties) = preSolution
		HideSolutionNode = FALSE
	EndGlobalSection
	GlobalSection(ExtensibilityGlobals) = postSolution
		SolutionGuid = {5C5BCDB9-5FD4-4E57-9F0C-CA1DA797D23C}
	EndGlobalSection
EndGlobal
